
Microsoft Visual Studio Solution File, Format Version 12.00
# Visual Studio Version 17
VisualStudioVersion = 17.2.32602.215
MinimumVisualStudioVersion = 10.0.40219.1
Project("{FAE04EC0-301F-11D3-BF4B-00C04F79EFBC}") = "ParcialEjercicioTriangulos.Consola", "ParcialEjercicioTriangulos.Consola\ParcialEjercicioTriangulos.Consola.csproj", "{6AFE2FC1-4603-48AE-B3AA-6A40D39F7E7D}"
EndProject
Project("{FAE04EC0-301F-11D3-BF4B-00C04F79EFBC}") = "ParcialEjercicioTriangulos.Entidades", "ParcialEjercicioTriangulos.Entidades\ParcialEjercicioTriangulos.Entidades.csproj", "{4EE03529-DF5C-44E7-A133-0D81B8747B67}"
EndProject
Global
	GlobalSection(SolutionConfigurationPlatforms) = preSolution
		Debug|Any CPU = Debug|Any CPU
		Release|Any CPU = Release|Any CPU
	EndGlobalSection
	GlobalSection(ProjectConfigurationPlatforms) = postSolution
		{6AFE2FC1-4603-48AE-B3AA-6A40D39F7E7D}.Debug|Any CPU.ActiveCfg = Debug|Any CPU
		{6AFE2FC1-4603-48AE-B3AA-6A40D39F7E7D}.Debug|Any CPU.Build.0 = Debug|Any CPU
		{6AFE2FC1-4603-48AE-B3AA-6A40D39F7E7D}.Release|Any CPU.ActiveCfg = Release|Any CPU
		{6AFE2FC1-4603-48AE-B3AA-6A40D39F7E7D}.Release|Any CPU.Build.0 = Release|Any CPU
		{4EE03529-DF5C-44E7-A133-0D81B8747B67}.Debug|Any CPU.ActiveCfg = Debug|Any CPU
		{4EE03529-DF5C-44E7-A133-0D81B8747B67}.Debug|Any CPU.Build.0 = Debug|Any CPU
		{4EE03529-DF5C-44E7-A133-0D81B8747B67}.Release|Any CPU.ActiveCfg = Release|Any CPU
		{4EE03529-DF5C-44E7-A133-0D81B8747B67}.Release|Any CPU.Build.0 = Release|Any CPU
	EndGlobalSection
	GlobalSection(SolutionProperties) = preSolution
		HideSolutionNode = FALSE
	EndGlobalSection
	GlobalSection(ExtensibilityGlobals) = postSolution
		SolutionGuid = {75B3C2EB-F806-4C35-A51B-156AAD2F8A54}
	EndGlobalSection
EndGlobal
